
Microsoft Visual Studio Solution File, Format Version 12.00
# Visual Studio Version 17
VisualStudioVersion = 17.9.34728.123
MinimumVisualStudioVersion = 10.0.40219.1
Project("{9A19103F-16F7-4668-BE54-9A1E7A4F7556}") = "CS01", "CS01\CS01.csproj", "{411F0A17-5E47-4EAA-82F0-5252CE1F11A8}"
EndProject
Project("{9A19103F-16F7-4668-BE54-9A1E7A4F7556}") = "CS02", "CS02\CS02.csproj", "{D2C48681-24CA-48F9-8314-F6C5237793B6}"
EndProject
Project("{9A19103F-16F7-4668-BE54-9A1E7A4F7556}") = "CS03", "CS03\CS03.csproj", "{D1436BF9-C822-4017-89BE-E8FBCBB334F6}"
EndProject
Project("{9A19103F-16F7-4668-BE54-9A1E7A4F7556}") = "CS04", "CS04\CS04.csproj", "{681014F0-FC6C-4AF8-AACD-F9F08C934C17}"
EndProject
Project("{FAE04EC0-301F-11D3-BF4B-00C04F79EFBC}") = "CS05", "CS05\CS05.csproj", "{520D027C-D7D8-4C10-AA7E-C66CCECCA170}"
EndProject
Project("{FAE04EC0-301F-11D3-BF4B-00C04F79EFBC}") = "CS06", "CS06\CS06.csproj", "{48E06506-C84D-42A8-80E1-609C1C3D1498}"
EndProject
Project("{FAE04EC0-301F-11D3-BF4B-00C04F79EFBC}") = "CS07", "CS07\CS07.csproj", "{21174EF5-9BC9-488A-AFDD-B1D59483ED7A}"
EndProject
Project("{FAE04EC0-301F-11D3-BF4B-00C04F79EFBC}") = "CS08", "CS08\CS08.csproj", "{FF24F386-A2EA-4B39-BA03-B8AB2CE42EBF}"
EndProject
Global
	GlobalSection(SolutionConfigurationPlatforms) = preSolution
		Debug|Any CPU = Debug|Any CPU
		Release|Any CPU = Release|Any CPU
	EndGlobalSection
	GlobalSection(ProjectConfigurationPlatforms) = postSolution
		{411F0A17-5E47-4EAA-82F0-5252CE1F11A8}.Debug|Any CPU.ActiveCfg = Debug|Any CPU
		{411F0A17-5E47-4EAA-82F0-5252CE1F11A8}.Debug|Any CPU.Build.0 = Debug|Any CPU
		{411F0A17-5E47-4EAA-82F0-5252CE1F11A8}.Release|Any CPU.ActiveCfg = Release|Any CPU
		{411F0A17-5E47-4EAA-82F0-5252CE1F11A8}.Release|Any CPU.Build.0 = Release|Any CPU
		{D2C48681-24CA-48F9-8314-F6C5237793B6}.Debug|Any CPU.ActiveCfg = Debug|Any CPU
		{D2C48681-24CA-48F9-8314-F6C5237793B6}.Debug|Any CPU.Build.0 = Debug|Any CPU
		{D2C48681-24CA-48F9-8314-F6C5237793B6}.Release|Any CPU.ActiveCfg = Release|Any CPU
		{D2C48681-24CA-48F9-8314-F6C5237793B6}.Release|Any CPU.Build.0 = Release|Any CPU
		{D1436BF9-C822-4017-89BE-E8FBCBB334F6}.Debug|Any CPU.ActiveCfg = Debug|Any CPU
		{D1436BF9-C822-4017-89BE-E8FBCBB334F6}.Debug|Any CPU.Build.0 = Debug|Any CPU
		{D1436BF9-C822-4017-89BE-E8FBCBB334F6}.Release|Any CPU.ActiveCfg = Release|Any CPU
		{D1436BF9-C822-4017-89BE-E8FBCBB334F6}.Release|Any CPU.Build.0 = Release|Any CPU
		{681014F0-FC6C-4AF8-AACD-F9F08C934C17}.Debug|Any CPU.ActiveCfg = Debug|Any CPU
		{681014F0-FC6C-4AF8-AACD-F9F08C934C17}.Debug|Any CPU.Build.0 = Debug|Any CPU
		{681014F0-FC6C-4AF8-AACD-F9F08C934C17}.Release|Any CPU.ActiveCfg = Release|Any CPU
		{681014F0-FC6C-4AF8-AACD-F9F08C934C17}.Release|Any CPU.Build.0 = Release|Any CPU
		{520D027C-D7D8-4C10-AA7E-C66CCECCA170}.Debug|Any CPU.ActiveCfg = Debug|Any CPU
		{520D027C-D7D8-4C10-AA7E-C66CCECCA170}.Debug|Any CPU.Build.0 = Debug|Any CPU
		{520D027C-D7D8-4C10-AA7E-C66CCECCA170}.Release|Any CPU.ActiveCfg = Release|Any CPU
		{520D027C-D7D8-4C10-AA7E-C66CCECCA170}.Release|Any CPU.Build.0 = Release|Any CPU
		{48E06506-C84D-42A8-80E1-609C1C3D1498}.Debug|Any CPU.ActiveCfg = Debug|Any CPU
		{48E06506-C84D-42A8-80E1-609C1C3D1498}.Debug|Any CPU.Build.0 = Debug|Any CPU
		{48E06506-C84D-42A8-80E1-609C1C3D1498}.Release|Any CPU.ActiveCfg = Release|Any CPU
		{48E06506-C84D-42A8-80E1-609C1C3D1498}.Release|Any CPU.Build.0 = Release|Any CPU
		{21174EF5-9BC9-488A-AFDD-B1D59483ED7A}.Debug|Any CPU.ActiveCfg = Debug|Any CPU
		{21174EF5-9BC9-488A-AFDD-B1D59483ED7A}.Debug|Any CPU.Build.0 = Debug|Any CPU
		{21174EF5-9BC9-488A-AFDD-B1D59483ED7A}.Release|Any CPU.ActiveCfg = Release|Any CPU
		{21174EF5-9BC9-488A-AFDD-B1D59483ED7A}.Release|Any CPU.Build.0 = Release|Any CPU
		{FF24F386-A2EA-4B39-BA03-B8AB2CE42EBF}.Debug|Any CPU.ActiveCfg = Debug|Any CPU
		{FF24F386-A2EA-4B39-BA03-B8AB2CE42EBF}.Debug|Any CPU.Build.0 = Debug|Any CPU
		{FF24F386-A2EA-4B39-BA03-B8AB2CE42EBF}.Release|Any CPU.ActiveCfg = Release|Any CPU
		{FF24F386-A2EA-4B39-BA03-B8AB2CE42EBF}.Release|Any CPU.Build.0 = Release|Any CPU
	EndGlobalSection
	GlobalSection(SolutionProperties) = preSolution
		HideSolutionNode = FALSE
	EndGlobalSection
	GlobalSection(ExtensibilityGlobals) = postSolution
		SolutionGuid = {837F826C-608C-4424-A85A-620F2B5AE74A}
	EndGlobalSection
EndGlobal
